
Microsoft Visual Studio Solution File, Format Version 12.00
# Visual Studio Version 16
VisualStudioVersion = 16.0.32106.194
MinimumVisualStudioVersion = 10.0.40219.1
Project("{FAE04EC0-301F-11D3-BF4B-00C04F79EFBC}") = "ConsoleApp", "ConsoleApp\ConsoleApp.csproj", "{EC35D458-257A-48EC-BA71-ED79EED0809B}"
EndProject
Project("{FAE04EC0-301F-11D3-BF4B-00C04F79EFBC}") = "ClassLibrary", "ClassLibrary\ClassLibrary.csproj", "{411D05AC-C024-4511-A3B0-27E45B411E52}"
EndProject
Global
	GlobalSection(SolutionConfigurationPlatforms) = preSolution
		Debug|Any CPU = Debug|Any CPU
		Release|Any CPU = Release|Any CPU
	EndGlobalSection
	GlobalSection(ProjectConfigurationPlatforms) = postSolution
		{EC35D458-257A-48EC-BA71-ED79EED0809B}.Debug|Any CPU.ActiveCfg = Debug|Any CPU
		{EC35D458-257A-48EC-BA71-ED79EED0809B}.Debug|Any CPU.Build.0 = Debug|Any CPU
		{EC35D458-257A-48EC-BA71-ED79EED0809B}.Release|Any CPU.ActiveCfg = Release|Any CPU
		{EC35D458-257A-48EC-BA71-ED79EED0809B}.Release|Any CPU.Build.0 = Release|Any CPU
		{411D05AC-C024-4511-A3B0-27E45B411E52}.Debug|Any CPU.ActiveCfg = Debug|Any CPU
		{411D05AC-C024-4511-A3B0-27E45B411E52}.Debug|Any CPU.Build.0 = Debug|Any CPU
		{411D05AC-C024-4511-A3B0-27E45B411E52}.Release|Any CPU.ActiveCfg = Release|Any CPU
		{411D05AC-C024-4511-A3B0-27E45B411E52}.Release|Any CPU.Build.0 = Release|Any CPU
	EndGlobalSection
	GlobalSection(SolutionProperties) = preSolution
		HideSolutionNode = FALSE
	EndGlobalSection
	GlobalSection(ExtensibilityGlobals) = postSolution
		SolutionGuid = {0E362DD1-A578-4E87-A0D6-790DED70FA38}
	EndGlobalSection
EndGlobal
